Microsoft Visual Studio Solution File, Format Version 12.00
# Visual Studio Version 17
VisualStudioVersion = 17.5.2.0
MinimumVisualStudioVersion = 10.0.40219.1
Project("{FAE04EC0-301F-11D3-BF4B-00C04F79EFBC}") = "event-confirmation-list", "event-confirmation-list.csproj", "{ABF5CC28-4B0C-F041-72ED-9DB03EB54AB0}"
EndProject
Global
	GlobalSection(SolutionConfigurationPlatforms) = preSolution
		Debug|Any CPU = Debug|Any CPU
		Release|Any CPU = Release|Any CPU
	EndGlobalSection
	GlobalSection(ProjectConfigurationPlatforms) = postSolution
		{ABF5CC28-4B0C-F041-72ED-9DB03EB54AB0}.Debug|Any CPU.ActiveCfg = Debug|Any CPU
		{ABF5CC28-4B0C-F041-72ED-9DB03EB54AB0}.Debug|Any CPU.Build.0 = Debug|Any CPU
		{ABF5CC28-4B0C-F041-72ED-9DB03EB54AB0}.Release|Any CPU.ActiveCfg = Release|Any CPU
		{ABF5CC28-4B0C-F041-72ED-9DB03EB54AB0}.Release|Any CPU.Build.0 = Release|Any CPU
	EndGlobalSection
	GlobalSection(SolutionProperties) = preSolution
		HideSolutionNode = FALSE
	EndGlobalSection
	GlobalSection(ExtensibilityGlobals) = postSolution
		SolutionGuid = {18194726-2A5B-43DE-A0DE-37A398F02998}
	EndGlobalSection
EndGlobal
